// !$*UTF8*$!
{
	archiveVersion = 1;
	classes = {
	};
	objectVersion = 50;
	objects = {

/* Begin PBXBuildFile section */
		3C4A115A23E041AC00BAFC2F /* AppDelegate.swift in Sources */ = {isa = PBXBuildFile; fileRef = 3C4A115923E041AC00BAFC2F /* AppDelegate.swift */; };
		3C4A115C23E041AC00BAFC2F /* SceneDelegate.swift in Sources */ = {isa = PBXBuildFile; fileRef = 3C4A115B23E041AC00BAFC2F /* SceneDelegate.swift */; };
		3C4A115E23E041AC00BAFC2F /* ViewController.swift in Sources */ = {isa = PBXBuildFile; fileRef = 3C4A115D23E041AC00BAFC2F /* ViewController.swift */; };
		3C4A116123E041AC00BAFC2F /* Main.storyboard in Resources */ = {isa = PBXBuildFile; fileRef = 3C4A115F23E041AC00BAFC2F /* Main.storyboard */; };
		3C4A116323E041AD00BAFC2F /* Assets.xcassets in Resources */ = {isa = PBXBuildFile; fileRef = 3C4A116223E041AD00BAFC2F /* Assets.xcassets */; };
		3C4A116623E041AD00BAFC2F /* LaunchScreen.storyboard in Resources */ = {isa = PBXBuildFile; fileRef = 3C4A116423E041AD00BAFC2F /* LaunchScreen.storyboard */; };
		3C4A117023E0429700BAFC2F /* ContactStruct.swift in Sources */ = {isa = PBXBuildFile; fileRef = 3C4A116F23E0429700BAFC2F /* ContactStruct.swift */; };
		3C63D9F023E15BA2008576B7 /* SettingsViewController.swift in Sources */ = {isa = PBXBuildFile; fileRef = 3C63D9EF23E15BA2008576B7 /* SettingsViewController.swift */; };
		3C63D9F423E19E5A008576B7 /* addContactViewController.swift in Sources */ = {isa = PBXBuildFile; fileRef = 3C63D9F323E19E5A008576B7 /* addContactViewController.swift */; };
		3CB9878523E2B1CB00914A19 /* showDetailViewController.swift in Sources */ = {isa = PBXBuildFile; fileRef = 3CB9878423E2B1CB00914A19 /* showDetailViewController.swift */; };
/* End PBXBuildFile section */

/* Begin PBXFileReference section */
		3C4A115623E041AC00BAFC2F /* ContactsApp.app */ = {isa = PBXFileReference; explicitFileType = wrapper.application; includeInIndex = 0; path = ContactsApp.app; sourceTree = BUILT_PRODUCTS_DIR; };
		3C4A115923E041AC00BAFC2F /* AppDelegate.swift */ = {isa = PBXFileReference; lastKnownFileType = sourcecode.swift; path = AppDelegate.swift; sourceTree = "<group>"; };
		3C4A115B23E041AC00BAFC2F /* SceneDelegate.swift */ = {isa = PBXFileReference; lastKnownFileType = sourcecode.swift; path = SceneDelegate.swift; sourceTree = "<group>"; };
		3C4A115D23E041AC00BAFC2F /* ViewController.swift */ = {isa = PBXFileReference; lastKnownFileType = sourcecode.swift; path = ViewController.swift; sourceTree = "<group>"; };
		3C4A116023E041AC00BAFC2F /* Base */ = {isa = PBXFileReference; lastKnownFileType = file.storyboard; name = Base; path = Base.lproj/Main.storyboard; sourceTree = "<group>"; };
		3C4A116223E041AD00BAFC2F /* Assets.xcassets */ = {isa = PBXFileReference; lastKnownFileType = folder.assetcatalog; path = Assets.xcassets; sourceTree = "<group>"; };
		3C4A116523E041AD00BAFC2F /* Base */ = {isa = PBXFileReference; lastKnownFileType = file.storyboard; name = Base; path = Base.lproj/LaunchScreen.storyboard; sourceTree = "<group>"; };
		3C4A116723E041AD00BAFC2F /* Info.plist */ = {isa = PBXFileReference; lastKnownFileType = text.plist.xml; path = Info.plist; sourceTree = "<group>"; };
		3C4A116F23E0429700BAFC2F /* ContactStruct.swift */ = {isa = PBXFileReference; lastKnownFileType = sourcecode.swift; path = ContactStruct.swift; sourceTree = "<group>"; };
		3C63D9EF23E15BA2008576B7 /* SettingsViewController.swift */ = {isa = PBXFileReference; lastKnownFileType = sourcecode.swift; path = SettingsViewController.swift; sourceTree = "<group>"; };
		3C63D9F323E19E5A008576B7 /* addContactViewController.swift */ = {isa = PBXFileReference; lastKnownFileType = sourcecode.swift; path = addContactViewController.swift; sourceTree = "<group>"; };
		3CB9878423E2B1CB00914A19 /* showDetailViewController.swift */ = {isa = PBXFileReference; lastKnownFileType = sourcecode.swift; path = showDetailViewController.swift; sourceTree = "<group>"; };
/* End PBXFileReference section */

/* Begin PBXFrameworksBuildPhase section */
		3C4A115323E041AC00BAFC2F /* Frameworks */ = {
			isa = PBXFrameworksBuildPhase;
			buildActionMask = 2147483647;
			files = (
			);
			runOnlyForDeploymentPostprocessing = 0;
		};
/* End PBXFrameworksBuildPhase section */

/* Begin PBXGroup section */
		3C4A114D23E041AC00BAFC2F = {
			isa = PBXGroup;
			children = (
				3C4A115823E041AC00BAFC2F /* Contacts */,
				3C4A115723E041AC00BAFC2F /* Products */,
			);
			sourceTree = "<group>";
		};
		3C4A115723E041AC00BAFC2F /* Products */ = {
			isa = PBXGroup;
			children = (
				3C4A115623E041AC00BAFC2F /* ContactsApp.app */,
			);
			name = Products;
			sourceTree = "<group>";
		};
		3C4A115823E041AC00BAFC2F /* Contacts */ = {
			isa = PBXGroup;
			children = (
				3C4A115923E041AC00BAFC2F /* AppDelegate.swift */,
				3C4A115B23E041AC00BAFC2F /* SceneDelegate.swift */,
				3C4A115D23E041AC00BAFC2F /* ViewController.swift */,
				3C4A116F23E0429700BAFC2F /* ContactStruct.swift */,
				3C4A115F23E041AC00BAFC2F /* Main.storyboard */,
				3C4A116223E041AD00BAFC2F /* Assets.xcassets */,
				3C4A116423E041AD00BAFC2F /* LaunchScreen.storyboard */,
				3C4A116723E041AD00BAFC2F /* Info.plist */,
				3C63D9EF23E15BA2008576B7 /* SettingsViewController.swift */,
				3C63D9F323E19E5A008576B7 /* addContactViewController.swift */,
				3CB9878423E2B1CB00914A19 /* showDetailViewController.swift */,
			);
			path = Contacts;
			sourceTree = "<group>";
		};
/* End PBXGroup section */

/* Begin PBXNativeTarget section */
		3C4A115523E041AC00BAFC2F /* Contacts */ = {
			isa = PBXNativeTarget;
			buildConfigurationList = 3C4A116A23E041AD00BAFC2F /* Build configuration list for PBXNativeTarget "Contacts" */;
			buildPhases = (
				3C4A115223E041AC00BAFC2F /* Sources */,
				3C4A115323E041AC00BAFC2F /* Frameworks */,
				3C4A115423E041AC00BAFC2F /* Resources */,
			);
			buildRules = (
			);
			dependencies = (
			);
			name = Contacts;
			productName = Contacts;
			productReference = 3C4A115623E041AC00BAFC2F /* ContactsApp.app */;
			productType = "com.apple.product-type.application";
		};
/* End PBXNativeTarget section */

/* Begin PBXProject section */
		3C4A114E23E041AC00BAFC2F /* Project object */ = {
			isa = PBXProject;
			attributes = {
				LastSwiftUpdateCheck = 1130;
				LastUpgradeCheck = 1130;
				ORGANIZATIONNAME = "Nitin Singh";
				TargetAttributes = {
					3C4A115523E041AC00BAFC2F = {
						CreatedOnToolsVersion = 11.3.1;
					};
				};
			};
			buildConfigurationList = 3C4A115123E041AC00BAFC2F /* Build configuration list for PBXProject "Contacts" */;
			compatibilityVersion = "Xcode 9.3";
			developmentRegion = en;
			hasScannedForEncodings = 0;
			knownRegions = (
				en,
				Base,
			);
			mainGroup = 3C4A114D23E041AC00BAFC2F;
			productRefGroup = 3C4A115723E041AC00BAFC2F /* Products */;
			projectDirPath = "";
			projectRoot = "";
			targets = (
				3C4A115523E041AC00BAFC2F /* Contacts */,
			);
		};
/* End PBXProject section */

/* Begin PBXResourcesBuildPhase section */
		3C4A115423E041AC00BAFC2F /* Resources */ = {
			isa = PBXResourcesBuildPhase;
			buildActionMask = 2147483647;
			files = (
				3C4A116623E041AD00BAFC2F /* LaunchScreen.storyboard in Resources */,
				3C4A116323E041AD00BAFC2F /* Assets.xcassets in Resources */,
				3C4A116123E041AC00BAFC2F /* Main.storyboard in Resources */,
			);
			runOnlyForDeploymentPostprocessing = 0;
		};
/* End PBXResourcesBuildPhase section */

/* Begin PBXSourcesBuildPhase section */
		3C4A115223E041AC00BAFC2F /* Sources */ = {
			isa = PBXSourcesBuildPhase;
			buildActionMask = 2147483647;
			files = (
				3C4A115E23E041AC00BAFC2F /* ViewController.swift in Sources */,
				3C63D9F423E19E5A008576B7 /* addContactViewController.swift in Sources */,
				3C4A115A23E041AC00BAFC2F /* AppDelegate.swift in Sources */,
				3C4A115C23E041AC00BAFC2F /* SceneDelegate.swift in Sources */,
				3C63D9F023E15BA2008576B7 /* SettingsViewController.swift in Sources */,
				3CB9878523E2B1CB00914A19 /* showDetailViewController.swift in Sources */,
				3C4A117023E0429700BAFC2F /* ContactStruct.swift in Sources */,
			);
			runOnlyForDeploymentPostprocessing = 0;
		};
/* End PBXSourcesBuildPhase section */

/* Begin PBXVariantGroup section */
		3C4A115F23E041AC00BAFC2F /* Main.storyboard */ = {
			isa = PBXVariantGroup;
			children = (
				3C4A116023E041AC00BAFC2F /* Base */,
			);
			name = Main.storyboard;
			sourceTree = "<group>";
		};
		3C4A116423E041AD00BAFC2F /* LaunchScreen.storyboard */ = {
			isa = PBXVariantGroup;
			children = (
				3C4A116523E041AD00BAFC2F /* Base */,
			);
			name = LaunchScreen.storyboard;
			sourceTree = "<group>";
		};
/* End PBXVariantGroup section */

/* Begin XCBuildConfiguration section */
		3C4A116823E041AD00BAFC2F /* Debug */ = {
			isa = XCBuildConfiguration;
			buildSettings = {
				ALWAYS_SEARCH_USER_PATHS = NO;
				CLANG_ANALYZER_NONNULL = YES;
				CLANG_ANALYZER_NUMBER_OBJECT_CONVERSION = YES_AGGRESSIVE;
				CLANG_CXX_LANGUAGE_STANDARD = "gnu++14";
				CLANG_CXX_LIBRARY = "libc++";
				CLANG_ENABLE_MODULES = YES;
				CLANG_ENABLE_OBJC_ARC = YES;
				CLANG_ENABLE_OBJC_WEAK = YES;
				CLANG_WARN_BLOCK_CAPTURE_AUTORELEASING = YES;
				CLANG_WARN_BOOL_CONVERSION = YES;
				CLANG_WARN_COMMA = YES;
				CLANG_WARN_CONSTANT_CONVERSION = YES;
				CLANG_WARN_DEPRECATED_OBJC_IMPLEMENTATIONS = YES;
				CLANG_WARN_DIRECT_OBJC_ISA_USAGE = YES_ERROR;
				CLANG_WARN_DOCUMENTATION_COMMENTS = YES;
				CLANG_WARN_EMPTY_BODY = YES;
				CLANG_WARN_ENUM_CONVERSION = YES;
				CLANG_WARN_INFINITE_RECURSION = YES;
				CLANG_WARN_INT_CONVERSION = YES;
				CLANG_WARN_NON_LITERAL_NULL_CONVERSION = YES;
				CLANG_WARN_OBJC_IMPLICIT_RETAIN_SELF = YES;
				CLANG_WARN_OBJC_LITERAL_CONVERSION = YES;
				CLANG_WARN_OBJC_ROOT_CLASS = YES_ERROR;
				CLANG_WARN_RANGE_LOOP_ANALYSIS = YES;
				CLANG_WARN_STRICT_PROTOTYPES = YES;
				CLANG_WARN_SUSPICIOUS_MOVE = YES;
				CLANG_WARN_UNGUARDED_AVAILABILITY = YES_AGGRESSIVE;
				CLANG_WARN_UNREACHABLE_CODE = YES;
				CLANG_WARN__DUPLICATE_METHOD_MATCH = YES;
				COPY_PHASE_STRIP = NO;
				DEBUG_INFORMATION_FORMAT = dwarf;
				ENABLE_STRICT_OBJC_MSGSEND = YES;
				ENABLE_TESTABILITY = YES;
				GCC_C_LANGUAGE_STANDARD = gnu11;
				GCC_DYNAMIC_NO_PIC = NO;
				GCC_NO_COMMON_BLOCKS = YES;
				GCC_OPTIMIZATION_LEVEL = 0;
				GCC_PREPROCESSOR_DEFINITIONS = (
					"DEBUG=1",
					"$(inherited)",
				);
				GCC_WARN_64_TO_32_BIT_CONVERSION = YES;
				GCC_WARN_ABOUT_RETURN_TYPE = YES_ERROR;
				GCC_WARN_UNDECLARED_SELECTOR = YES;
				GCC_WARN_UNINITIALIZED_AUTOS = YES_AGGRESSIVE;
				GCC_WARN_UNUSED_FUNCTION = YES;
				GCC_WARN_UNUSED_VARIABLE = YES;
				IPHONEOS_DEPLOYMENT_TARGET = 13.2;
				MTL_ENABLE_DEBUG_INFO = INCLUDE_SOURCE;
				MTL_FAST_MATH = YES;
				ONLY_ACTIVE_ARCH = YES;
				SDKROOT = iphoneos;
				SWIFT_ACTIVE_COMPILATION_CONDITIONS = DEBUG;
				SWIFT_OPTIMIZATION_LEVEL = "-Onone";
			};
			name = Debug;
		};
		3C4A116923E041AD00BAFC2F /* Release */ = {
			isa = XCBuildConfiguration;
			buildSettings = {
				ALWAYS_SEARCH_USER_PATHS = NO;
				CLANG_ANALYZER_NONNULL = YES;
				CLANG_ANALYZER_NUMBER_OBJECT_CONVERSION = YES_AGGRESSIVE;
				CLANG_CXX_LANGUAGE_STANDARD = "gnu++14";
				CLANG_CXX_LIBRARY = "libc++";
				CLANG_ENABLE_MODULES = YES;
				CLANG_ENABLE_OBJC_ARC = YES;
				CLANG_ENABLE_OBJC_WEAK = YES;
				CLANG_WARN_BLOCK_CAPTURE_AUTORELEASING = YES;
				CLANG_WARN_BOOL_CONVERSION = YES;
				CLANG_WARN_COMMA = YES;
				CLANG_WARN_CONSTANT_CONVERSION = YES;
				CLANG_WARN_DEPRECATED_OBJC_IMPLEMENTATIONS = YES;
				CLANG_WARN_DIRECT_OBJC_ISA_USAGE = YES_ERROR;
				CLANG_WARN_DOCUMENTATION_COMMENTS = YES;
				CLANG_WARN_EMPTY_BODY = YES;
				CLANG_WARN_ENUM_CONVERSION = YES;
				CLANG_WARN_INFINITE_RECURSION = YES;
				CLANG_WARN_INT_CONVERSION = YES;
				CLANG_WARN_NON_LITERAL_NULL_CONVERSION = YES;
				CLANG_WARN_OBJC_IMPLICIT_RETAIN_SELF = YES;
				CLANG_WARN_OBJC_LITERAL_CONVERSION = YES;
				CLANG_WARN_OBJC_ROOT_CLASS = YES_ERROR;
				CLANG_WARN_RANGE_LOOP_ANALYSIS = YES;
				CLANG_WARN_STRICT_PROTOTYPES = YES;
				CLANG_WARN_SUSPICIOUS_MOVE = YES;
				CLANG_WARN_UNGUARDED_AVAILABILITY = YES_AGGRESSIVE;
				CLANG_WARN_UNREACHABLE_CODE = YES;
				CLANG_WARN__DUPLICATE_METHOD_MATCH = YES;
				COPY_PHASE_STRIP = NO;
				DEBUG_INFORMATION_FORMAT = "dwarf-with-dsym";
				ENABLE_NS_ASSERTIONS = NO;
				ENABLE_STRICT_OBJC_MSGSEND = YES;
				GCC_C_LANGUAGE_STANDARD = gnu11;
				GCC_NO_COMMON_BLOCKS = YES;
				GCC_WARN_64_TO_32_BIT_CONVERSION = YES;
				GCC_WARN_ABOUT_RETURN_TYPE = YES_ERROR;
				GCC_WARN_UNDECLARED_SELECTOR = YES;
				GCC_WARN_UNINITIALIZED_AUTOS = YES_AGGRESSIVE;
				GCC_WARN_UNUSED_FUNCTION = YES;
				GCC_WARN_UNUSED_VARIABLE = YES;
				IPHONEOS_DEPLOYMENT_TARGET = 13.2;
				MTL_ENABLE_DEBUG_INFO = NO;
				MTL_FAST_MATH = YES;
				SDKROOT = iphoneos;
				SWIFT_COMPILATION_MODE = wholemodule;
				SWIFT_OPTIMIZATION_LEVEL = "-O";
				VALIDATE_PRODUCT = YES;
			};
			name = Release;
		};
		3C4A116B23E041AD00BAFC2F /* Debug */ = {
			isa = XCBuildConfiguration;
			buildSettings = {
				ASSETCATALOG_COMPILER_APPICON_NAME = AppIcon;
				CODE_SIGN_STYLE = Automatic;
				INFOPLIST_FILE = Contacts/Info.plist;
				LD_RUNPATH_SEARCH_PATHS = (
					"$(inherited)",
					"@executable_path/Frameworks",
				);
				PRODUCT_BUNDLE_IDENTIFIER = quokkalabs.Contacts;
				PRODUCT_NAME = ContactsApp;
				SWIFT_VERSION = 5.0;
				TARGETED_DEVICE_FAMILY = "1,2";
			};
			name = Debug;
		};
		3C4A116C23E041AD00BAFC2F /* Release */ = {
			isa = XCBuildConfiguration;
			buildSettings = {
				ASSETCATALOG_COMPILER_APPICON_NAME = AppIcon;
				CODE_SIGN_STYLE = Automatic;
				INFOPLIST_FILE = Contacts/Info.plist;
				LD_RUNPATH_SEARCH_PATHS = (
					"$(inherited)",
					"@executable_path/Frameworks",
				);
				PRODUCT_BUNDLE_IDENTIFIER = quokkalabs.Contacts;
				PRODUCT_NAME = ContactsApp;
				SWIFT_VERSION = 5.0;
				TARGETED_DEVICE_FAMILY = "1,2";
			};
			name = Release;
		};
/* End XCBuildConfiguration section */

/* Begin XCConfigurationList section */
		3C4A115123E041AC00BAFC2F /* Build configuration list for PBXProject "Contacts" */ = {
			isa = XCConfigurationList;
			buildConfigurations = (
				3C4A116823E041AD00BAFC2F /* Debug */,
				3C4A116923E041AD00BAFC2F /* Release */,
			);
			defaultConfigurationIsVisible = 0;
			defaultConfigurationName = Release;
		};
		3C4A116A23E041AD00BAFC2F /* Build configuration list for PBXNativeTarget "Contacts" */ = {
			isa = XCConfigurationList;
			buildConfigurations = (
				3C4A116B23E041AD00BAFC2F /* Debug */,
				3C4A116C23E041AD00BAFC2F /* Release */,
			);
			defaultConfigurationIsVisible = 0;
			defaultConfigurationName = Release;
		};
/* End XCConfigurationList section */
	};
	rootObject = 3C4A114E23E041AC00BAFC2F /* Project object */;
}
